version: 6
environments:
  default:
    channels:
    - url: https://conda.anaconda.org/conda-forge/
    indexes:
    - https://pypi.org/simple
    options:
      pypi-prerelease-mode: if-necessary-or-explicit
    packages:
      osx-arm64:
      - conda: https://conda.anaconda.org/conda-forge/osx-arm64/bzip2-1.0.8-hd037594_8.conda
      - conda: https://conda.anaconda.org/conda-forge/noarch/ca-certificates-2026.1.4-hbd8a1cb_0.conda
      - conda: https://conda.anaconda.org/conda-forge/osx-arm64/icu-78.2-h38cb7af_0.conda
      - conda: https://conda.anaconda.org/conda-forge/osx-arm64/libexpat-2.7.4-hf6b4638_0.conda
      - conda: https://conda.anaconda.org/conda-forge/osx-arm64/libffi-3.5.2-hcf2aa1b_0.conda
      - conda: https://conda.anaconda.org/conda-forge/osx-arm64/liblzma-5.8.2-h8088a28_0.conda
      - conda: https://conda.anaconda.org/conda-forge/osx-arm64/libmpdec-4.0.0-h84a0fba_1.conda
      - conda: https://conda.anaconda.org/conda-forge/osx-arm64/libsqlite-3.51.2-h1ae2325_0.conda
      - conda: https://conda.anaconda.org/conda-forge/osx-arm64/libzlib-1.3.1-h8359307_2.conda
      - conda: https://conda.anaconda.org/conda-forge/osx-arm64/ncurses-6.5-h5e97a16_3.conda
      - conda: https://conda.anaconda.org/conda-forge/osx-arm64/openssl-3.6.1-hd24854e_1.conda
      - conda: https://conda.anaconda.org/conda-forge/osx-arm64/python-3.14.3-h4c637c5_101_cp314.conda
      - conda: https://conda.anaconda.org/conda-forge/noarch/python_abi-3.14-8_cp314.conda
      - conda: https://conda.anaconda.org/conda-forge/osx-arm64/readline-8.3-h46df422_0.conda
      - conda: https://conda.anaconda.org/conda-forge/osx-arm64/tk-8.6.13-h010d191_3.conda
      - conda: https://conda.anaconda.org/conda-forge/noarch/tzdata-2025c-hc9c84f9_1.conda
      - conda: https://conda.anaconda.org/conda-forge/osx-arm64/zstd-1.5.7-hbf9d68e_6.conda
      - pypi: https://files.pythonhosted.org/packages/1e/d3/26bf1008eb3d2daa8ef4cacc7f3bfdc11818d111f7e2d0201bc6e3b49d45/annotated_doc-0.0.4-py3-none-any.whl
      - pypi: https://files.pythonhosted.org/packages/38/0e/27be9fdef66e72d64c0cdc3cc2823101b80585f8119b5c112c2e8f5f7dab/anyio-4.12.1-py3-none-any.whl
      - pypi: https://files.pythonhosted.org/packages/e6/ad/3cc14f097111b4de0040c83a525973216457bbeeb63739ef1ed275c1c021/certifi-2026.1.4-py3-none-any.whl
      - pypi: https://files.pythonhosted.org/packages/98/78/01c019cdb5d6498122777c1a43056ebb3ebfeef2076d9d026bfe15583b2b/click-8.3.1-py3-none-any.whl
      - pypi: https://files.pythonhosted.org/packages/e7/04/a94ebfb4eaaa08db56725a40de2887e95de4e8641b9e902c311bfa00aa39/filelock-3.24.2-py3-none-any.whl
      - pypi: https://files.pythonhosted.org/packages/e6/ab/fb21f4c939bb440104cc2b396d3be1d9b7a9fd3c6c2a53d98c45b3d7c954/fsspec-2026.2.0-py3-none-any.whl
      - pypi: https://files.pythonhosted.org/packages/04/4b/29cac41a4d98d144bf5f6d33995617b185d14b22401f75ca86f384e87ff1/h11-0.16.0-py3-none-any.whl
      - pypi: https://files.pythonhosted.org/packages/7f/8c/c5becfa53234299bc2210ba314eaaae36c2875e0045809b82e40a9544f0c/hf_xet-1.2.0-cp37-abi3-macosx_11_0_arm64.whl
      - pypi: https://files.pythonhosted.org/packages/7e/f5/f66802a942d491edb555dd61e3a9961140fd64c90bce1eafd741609d334d/httpcore-1.0.9-py3-none-any.whl
      - pypi: https://files.pythonhosted.org/packages/2a/39/e50c7c3a983047577ee07d2a9e53faf5a69493943ec3f6a384bdc792deb2/httpx-0.28.1-py3-none-any.whl
      - pypi: https://files.pythonhosted.org/packages/d5/ae/2f6d96b4e6c5478d87d606a1934b5d436c4a2bce6bb7c6fdece891c128e3/huggingface_hub-1.4.1-py3-none-any.whl
      - pypi: https://files.pythonhosted.org/packages/0e/61/66938bbb5fc52dbdf84594873d5b51fb1f7c7794e9c0f5bd885f30bc507b/idna-3.11-py3-none-any.whl
      - pypi: https://files.pythonhosted.org/packages/94/54/e7d793b573f298e1c9013b8c4dade17d481164aa517d1d7148619c2cedbf/markdown_it_py-4.0.0-py3-none-any.whl
      - pypi: https://files.pythonhosted.org/packages/b3/38/89ba8ad64ae25be8de66a6d463314cf1eb366222074cfda9ee839c56a4b4/mdurl-0.1.2-py3-none-any.whl
      - pypi: https://files.pythonhosted.org/packages/25/7a/1fee4329abc705a469a4afe6e69b1ef7e915117747886327104a8493a955/numpy-2.4.2-cp314-cp314-macosx_11_0_arm64.whl
      - pypi: https://files.pythonhosted.org/packages/b7/b9/c538f279a4e237a006a2c98387d081e9eb060d203d8ed34467cc0f0b9b53/packaging-26.0-py3-none-any.whl
      - pypi: https://files.pythonhosted.org/packages/c7/21/705964c7812476f378728bdf590ca4b771ec72385c533964653c68e86bdc/pygments-2.19.2-py3-none-any.whl
      - pypi: https://files.pythonhosted.org/packages/bd/9c/4d95bb87eb2063d20db7b60faa3840c1b18025517ae857371c4dd55a6b3a/pyyaml-6.0.3-cp314-cp314-macosx_11_0_arm64.whl
      - pypi: https://files.pythonhosted.org/packages/a0/2c/b23861347436cb10f46c2bd425489ec462790faaa360a54a7ede5f78de88/rapidfuzz-3.14.3-cp314-cp314-macosx_11_0_arm64.whl
      - pypi: https://files.pythonhosted.org/packages/f9/b6/921cc61982e538682bdf3bdf5b2c6ab6b34368da1f8e98a6c1ddc503c9cf/regex-2026.1.15-cp314-cp314-macosx_11_0_arm64.whl
      - pypi: https://files.pythonhosted.org/packages/ef/45/615f5babd880b4bd7d405cc0dc348234c5ffb6ed1ea33e152ede08b2072d/rich-14.3.2-py3-none-any.whl
      - pypi: https://files.pythonhosted.org/packages/e8/00/374c0c068e30cd31f1e1b46b4b5738168ec79e7689ca82ee93ddfea05109/safetensors-0.7.0-cp38-abi3-macosx_11_0_arm64.whl
      - pypi: https://files.pythonhosted.org/packages/e0/f9/0595336914c5619e5f28a1fb793285925a8cd4b432c9da0a987836c7f822/shellingham-1.5.4-py2.py3-none-any.whl
      - pypi: https://files.pythonhosted.org/packages/2e/47/174dca0502ef88b28f1c9e06b73ce33500eedfac7a7692108aec220464e7/tokenizers-0.22.2-cp39-abi3-macosx_11_0_arm64.whl
      - pypi: https://files.pythonhosted.org/packages/16/e1/3079a9ff9b8e11b846c6ac5c8b5bfb7ff225eee721825310c91b3b50304f/tqdm-4.67.3-py3-none-any.whl
      - pypi: https://files.pythonhosted.org/packages/b7/66/57042d4b0f1ede8046d7ae6409bf3640df996e9cbc3fe20467aa29badc54/transformers-5.1.0-py3-none-any.whl
      - pypi: https://files.pythonhosted.org/packages/d5/91/9b286ab899c008c2cb05e8be99814807e7fbbd33f0c0c960470826e5ac82/typer-0.23.1-py3-none-any.whl
      - pypi: https://files.pythonhosted.org/packages/ad/8a/5764b851659345f34787f1b6eb30b9d308bbd6c294825cbe38b6b869c97a/typer_slim-0.23.1-py3-none-any.whl
      - pypi: https://files.pythonhosted.org/packages/18/67/36e9267722cc04a6b9f15c7f3441c2363321a3ea07da7ae0c0707beb2a9c/typing_extensions-4.15.0-py3-none-any.whl
      - pypi: ./
packages:
- pypi: https://files.pythonhosted.org/packages/1e/d3/26bf1008eb3d2daa8ef4cacc7f3bfdc11818d111f7e2d0201bc6e3b49d45/annotated_doc-0.0.4-py3-none-any.whl
  name: annotated-doc
  version: 0.0.4
  sha256: 571ac1dc6991c450b25a9c2d84a3705e2ae7a53467b5d111c24fa8baabbed320
  requires_python: '>=3.8'
- pypi: https://files.pythonhosted.org/packages/38/0e/27be9fdef66e72d64c0cdc3cc2823101b80585f8119b5c112c2e8f5f7dab/anyio-4.12.1-py3-none-any.whl
  name: anyio
  version: 4.12.1
  sha256: d405828884fc140aa80a3c667b8beed277f1dfedec42ba031bd6ac3db606ab6c
  requires_dist:
  - exceptiongroup>=1.0.2 ; python_full_version < '3.11'
  - idna>=2.8
  - typing-extensions>=4.5 ; python_full_version < '3.13'
  - trio>=0.32.0 ; python_full_version >= '3.10' and extra == 'trio'
  - trio>=0.31.0 ; python_full_version < '3.10' and extra == 'trio'
  requires_python: '>=3.9'
- conda: https://conda.anaconda.org/conda-forge/osx-arm64/bzip2-1.0.8-hd037594_8.conda
  sha256: b456200636bd5fecb2bec63f7e0985ad2097cf1b83d60ce0b6968dffa6d02aa1
  md5: 58fd217444c2a5701a44244faf518206
  depends:
  - __osx >=11.0
  license: bzip2-1.0.6
  license_family: BSD
  purls: []
  size: 125061
  timestamp: 1757437486465
- conda: https://conda.anaconda.org/conda-forge/noarch/ca-certificates-2026.1.4-hbd8a1cb_0.conda
  sha256: b5974ec9b50e3c514a382335efa81ed02b05906849827a34061c496f4defa0b2
  md5: bddacf101bb4dd0e51811cb69c7790e2
  depends:
  - __unix
  license: ISC
  purls: []
  size: 146519
  timestamp: 1767500828366
- pypi: https://files.pythonhosted.org/packages/e6/ad/3cc14f097111b4de0040c83a525973216457bbeeb63739ef1ed275c1c021/certifi-2026.1.4-py3-none-any.whl
  name: certifi
  version: 2026.1.4
  sha256: 9943707519e4add1115f44c2bc244f782c0249876bf51b6599fee1ffbedd685c
  requires_python: '>=3.7'
- pypi: https://files.pythonhosted.org/packages/98/78/01c019cdb5d6498122777c1a43056ebb3ebfeef2076d9d026bfe15583b2b/click-8.3.1-py3-none-any.whl
  name: click
  version: 8.3.1
  sha256: 981153a64e25f12d547d3426c367a4857371575ee7ad18df2a6183ab0545b2a6
  requires_dist:
  - colorama ; sys_platform == 'win32'
  requires_python: '>=3.10'
- pypi: https://files.pythonhosted.org/packages/e7/04/a94ebfb4eaaa08db56725a40de2887e95de4e8641b9e902c311bfa00aa39/filelock-3.24.2-py3-none-any.whl
  name: filelock
  version: 3.24.2
  sha256: 667d7dc0b7d1e1064dd5f8f8e80bdac157a6482e8d2e02cd16fd3b6b33bd6556
  requires_python: '>=3.10'
- pypi: https://files.pythonhosted.org/packages/e6/ab/fb21f4c939bb440104cc2b396d3be1d9b7a9fd3c6c2a53d98c45b3d7c954/fsspec-2026.2.0-py3-none-any.whl
  name: fsspec
  version: 2026.2.0
  sha256: 98de475b5cb3bd66bedd5c4679e87b4fdfe1a3bf4d707b151b3c07e58c9a2437
  requires_dist:
  - adlfs ; extra == 'abfs'
  - adlfs ; extra == 'adl'
  - pyarrow>=1 ; extra == 'arrow'
  - dask ; extra == 'dask'
  - distributed ; extra == 'dask'
  - pre-commit ; extra == 'dev'
  - ruff>=0.5 ; extra == 'dev'
  - numpydoc ; extra == 'doc'
  - sphinx ; extra == 'doc'
  - sphinx-design ; extra == 'doc'
  - sphinx-rtd-theme ; extra == 'doc'
  - yarl ; extra == 'doc'
  - dropbox ; extra == 'dropbox'
  - dropboxdrivefs ; extra == 'dropbox'
  - requests ; extra == 'dropbox'
  - adlfs ; extra == 'full'
  - aiohttp!=4.0.0a0,!=4.0.0a1 ; extra == 'full'
  - dask ; extra == 'full'
  - distributed ; extra == 'full'
  - dropbox ; extra == 'full'
  - dropboxdrivefs ; extra == 'full'
  - fusepy ; extra == 'full'
  - gcsfs>2024.2.0 ; extra == 'full'
  - libarchive-c ; extra == 'full'
  - ocifs ; extra == 'full'
  - panel ; extra == 'full'
  - paramiko ; extra == 'full'
  - pyarrow>=1 ; extra == 'full'
  - pygit2 ; extra == 'full'
  - requests ; extra == 'full'
  - s3fs>2024.2.0 ; extra == 'full'
  - smbprotocol ; extra == 'full'
  - tqdm ; extra == 'full'
  - fusepy ; extra == 'fuse'
  - gcsfs>2024.2.0 ; extra == 'gcs'
  - pygit2 ; extra == 'git'
  - requests ; extra == 'github'
  - gcsfs ; extra == 'gs'
  - panel ; extra == 'gui'
  - pyarrow>=1 ; extra == 'hdfs'
  - aiohttp!=4.0.0a0,!=4.0.0a1 ; extra == 'http'
  - libarchive-c ; extra == 'libarchive'
  - ocifs ; extra == 'oci'
  - s3fs>2024.2.0 ; extra == 's3'
  - paramiko ; extra == 'sftp'
  - smbprotocol ; extra == 'smb'
  - paramiko ; extra == 'ssh'
  - aiohttp!=4.0.0a0,!=4.0.0a1 ; extra == 'test'
  - numpy ; extra == 'test'
  - pytest ; extra == 'test'
  - pytest-asyncio!=0.22.0 ; extra == 'test'
  - pytest-benchmark ; extra == 'test'
  - pytest-cov ; extra == 'test'
  - pytest-mock ; extra == 'test'
  - pytest-recording ; extra == 'test'
  - pytest-rerunfailures ; extra == 'test'
  - requests ; extra == 'test'
  - aiobotocore>=2.5.4,<3.0.0 ; extra == 'test-downstream'
  - dask[dataframe,test] ; extra == 'test-downstream'
  - moto[server]>4,<5 ; extra == 'test-downstream'
  - pytest-timeout ; extra == 'test-downstream'
  - xarray ; extra == 'test-downstream'
  - adlfs ; extra == 'test-full'
  - aiohttp!=4.0.0a0,!=4.0.0a1 ; extra == 'test-full'
  - backports-zstd ; python_full_version < '3.14' and extra == 'test-full'
  - cloudpickle ; extra == 'test-full'
  - dask ; extra == 'test-full'
  - distributed ; extra == 'test-full'
  - dropbox ; extra == 'test-full'
  - dropboxdrivefs ; extra == 'test-full'
  - fastparquet ; extra == 'test-full'
  - fusepy ; extra == 'test-full'
  - gcsfs ; extra == 'test-full'
  - jinja2 ; extra == 'test-full'
  - kerchunk ; extra == 'test-full'
  - libarchive-c ; extra == 'test-full'
  - lz4 ; extra == 'test-full'
  - notebook ; extra == 'test-full'
  - numpy ; extra == 'test-full'
  - ocifs ; extra == 'test-full'
  - pandas<3.0.0 ; extra == 'test-full'
  - panel ; extra == 'test-full'
  - paramiko ; extra == 'test-full'
  - pyarrow ; extra == 'test-full'
  - pyarrow>=1 ; extra == 'test-full'
  - pyftpdlib ; extra == 'test-full'
  - pygit2 ; extra == 'test-full'
  - pytest ; extra == 'test-full'
  - pytest-asyncio!=0.22.0 ; extra == 'test-full'
  - pytest-benchmark ; extra == 'test-full'
  - pytest-cov ; extra == 'test-full'
  - pytest-mock ; extra == 'test-full'
  - pytest-recording ; extra == 'test-full'
  - pytest-rerunfailures ; extra == 'test-full'
  - python-snappy ; extra == 'test-full'
  - requests ; extra == 'test-full'
  - smbprotocol ; extra == 'test-full'
  - tqdm ; extra == 'test-full'
  - urllib3 ; extra == 'test-full'
  - zarr ; extra == 'test-full'
  - zstandard ; python_full_version < '3.14' and extra == 'test-full'
  - tqdm ; extra == 'tqdm'
  requires_python: '>=3.10'
- pypi: https://files.pythonhosted.org/packages/04/4b/29cac41a4d98d144bf5f6d33995617b185d14b22401f75ca86f384e87ff1/h11-0.16.0-py3-none-any.whl
  name: h11
  version: 0.16.0
  sha256: 63cf8bbe7522de3bf65932fda1d9c2772064ffb3dae62d55932da54b31cb6c86
  requires_python: '>=3.8'
- pypi: https://files.pythonhosted.org/packages/7f/8c/c5becfa53234299bc2210ba314eaaae36c2875e0045809b82e40a9544f0c/hf_xet-1.2.0-cp37-abi3-macosx_11_0_arm64.whl
  name: hf-xet
  version: 1.2.0
  sha256: 27df617a076420d8845bea087f59303da8be17ed7ec0cd7ee3b9b9f579dff0e4
  requires_dist:
  - pytest ; extra == 'tests'
  requires_python: '>=3.8'
- pypi: https://files.pythonhosted.org/packages/7e/f5/f66802a942d491edb555dd61e3a9961140fd64c90bce1eafd741609d334d/httpcore-1.0.9-py3-none-any.whl
  name: httpcore
  version: 1.0.9
  sha256: 2d400746a40668fc9dec9810239072b40b4484b640a8c38fd654a024c7a1bf55
  requires_dist:
  - certifi
  - h11>=0.16
  - anyio>=4.0,<5.0 ; extra == 'asyncio'
  - h2>=3,<5 ; extra == 'http2'
  - socksio==1.* ; extra == 'socks'
  - trio>=0.22.0,<1.0 ; extra == 'trio'
  requires_python: '>=3.8'
- pypi: https://files.pythonhosted.org/packages/2a/39/e50c7c3a983047577ee07d2a9e53faf5a69493943ec3f6a384bdc792deb2/httpx-0.28.1-py3-none-any.whl
  name: httpx
  version: 0.28.1
  sha256: d909fcccc110f8c7faf814ca82a9a4d816bc5a6dbfea25d6591d6985b8ba59ad
  requires_dist:
  - anyio
  - certifi
  - httpcore==1.*
  - idna
  - brotli ; platform_python_implementation == 'CPython' and extra == 'brotli'
  - brotlicffi ; platform_python_implementation != 'CPython' and extra == 'brotli'
  - click==8.* ; extra == 'cli'
  - pygments==2.* ; extra == 'cli'
  - rich>=10,<14 ; extra == 'cli'
  - h2>=3,<5 ; extra == 'http2'
  - socksio==1.* ; extra == 'socks'
  - zstandard>=0.18.0 ; extra == 'zstd'
  requires_python: '>=3.8'
- pypi: https://files.pythonhosted.org/packages/d5/ae/2f6d96b4e6c5478d87d606a1934b5d436c4a2bce6bb7c6fdece891c128e3/huggingface_hub-1.4.1-py3-none-any.whl
  name: huggingface-hub
  version: 1.4.1
  sha256: 9931d075fb7a79af5abc487106414ec5fba2c0ae86104c0c62fd6cae38873d18
  requires_dist:
  - filelock
  - fsspec>=2023.5.0
  - hf-xet>=1.2.0,<2.0.0 ; platform_machine == 'AMD64' or platform_machine == 'aarch64' or platform_machine == 'amd64' or platform_machine == 'arm64' or platform_machine == 'x86_64'
  - httpx>=0.23.0,<1
  - packaging>=20.9
  - pyyaml>=5.1
  - shellingham
  - tqdm>=4.42.1
  - typer-slim
  - typing-extensions>=4.1.0
  - authlib>=1.3.2 ; extra == 'oauth'
  - fastapi ; extra == 'oauth'
  - httpx ; extra == 'oauth'
  - itsdangerous ; extra == 'oauth'
  - torch ; extra == 'torch'
  - safetensors[torch] ; extra == 'torch'
  - toml ; extra == 'fastai'
  - fastai>=2.4 ; extra == 'fastai'
  - fastcore>=1.3.27 ; extra == 'fastai'
  - hf-xet>=1.2.0,<2.0.0 ; extra == 'hf-xet'
  - mcp>=1.8.0 ; extra == 'mcp'
  - authlib>=1.3.2 ; extra == 'testing'
  - fastapi ; extra == 'testing'
  - httpx ; extra == 'testing'
  - itsdangerous ; extra == 'testing'
  - jedi ; extra == 'testing'
  - jinja2 ; extra == 'testing'
  - pytest>=8.4.2 ; extra == 'testing'
  - pytest-cov ; extra == 'testing'
  - pytest-env ; extra == 'testing'
  - pytest-xdist ; extra == 'testing'
  - pytest-vcr ; extra == 'testing'
  - pytest-asyncio ; extra == 'testing'
  - pytest-rerunfailures<16.0 ; extra == 'testing'
  - pytest-mock ; extra == 'testing'
  - urllib3<2.0 ; extra == 'testing'
  - soundfile ; extra == 'testing'
  - pillow ; extra == 'testing'
  - numpy ; extra == 'testing'
  - fastapi ; extra == 'testing'
  - typing-extensions>=4.8.0 ; extra == 'typing'
  - types-pyyaml ; extra == 'typing'
  - types-simplejson ; extra == 'typing'
  - types-toml ; extra == 'typing'
  - types-tqdm ; extra == 'typing'
  - types-urllib3 ; extra == 'typing'
  - ruff>=0.9.0 ; extra == 'quality'
  - mypy==1.15.0 ; extra == 'quality'
  - libcst>=1.4.0 ; extra == 'quality'
  - ty ; extra == 'quality'
  - authlib>=1.3.2 ; extra == 'all'
  - fastapi ; extra == 'all'
  - httpx ; extra == 'all'
  - itsdangerous ; extra == 'all'
  - jedi ; extra == 'all'
  - jinja2 ; extra == 'all'
  - pytest>=8.4.2 ; extra == 'all'
  - pytest-cov ; extra == 'all'
  - pytest-env ; extra == 'all'
  - pytest-xdist ; extra == 'all'
  - pytest-vcr ; extra == 'all'
  - pytest-asyncio ; extra == 'all'
  - pytest-rerunfailures<16.0 ; extra == 'all'
  - pytest-mock ; extra == 'all'
  - urllib3<2.0 ; extra == 'all'
  - soundfile ; extra == 'all'
  - pillow ; extra == 'all'
  - numpy ; extra == 'all'
  - fastapi ; extra == 'all'
  - ruff>=0.9.0 ; extra == 'all'
  - mypy==1.15.0 ; extra == 'all'
  - libcst>=1.4.0 ; extra == 'all'
  - ty ; extra == 'all'
  - typing-extensions>=4.8.0 ; extra == 'all'
  - types-pyyaml ; extra == 'all'
  - types-simplejson ; extra == 'all'
  - types-toml ; extra == 'all'
  - types-tqdm ; extra == 'all'
  - types-urllib3 ; extra == 'all'
  - authlib>=1.3.2 ; extra == 'dev'
  - fastapi ; extra == 'dev'
  - httpx ; extra == 'dev'
  - itsdangerous ; extra == 'dev'
  - jedi ; extra == 'dev'
  - jinja2 ; extra == 'dev'
  - pytest>=8.4.2 ; extra == 'dev'
  - pytest-cov ; extra == 'dev'
  - pytest-env ; extra == 'dev'
  - pytest-xdist ; extra == 'dev'
  - pytest-vcr ; extra == 'dev'
  - pytest-asyncio ; extra == 'dev'
  - pytest-rerunfailures<16.0 ; extra == 'dev'
  - pytest-mock ; extra == 'dev'
  - urllib3<2.0 ; extra == 'dev'
  - soundfile ; extra == 'dev'
  - pillow ; extra == 'dev'
  - numpy ; extra == 'dev'
  - fastapi ; extra == 'dev'
  - ruff>=0.9.0 ; extra == 'dev'
  - mypy==1.15.0 ; extra == 'dev'
  - libcst>=1.4.0 ; extra == 'dev'
  - ty ; extra == 'dev'
  - typing-extensions>=4.8.0 ; extra == 'dev'
  - types-pyyaml ; extra == 'dev'
  - types-simplejson ; extra == 'dev'
  - types-toml ; extra == 'dev'
  - types-tqdm ; extra == 'dev'
  - types-urllib3 ; extra == 'dev'
  requires_python: '>=3.9.0'
- conda: https://conda.anaconda.org/conda-forge/osx-arm64/icu-78.2-h38cb7af_0.conda
  sha256: d4cefbca587429d1192509edc52c88de52bc96c2447771ddc1f8bee928aed5ef
  md5: 1e93aca311da0210e660d2247812fa02
  depends:
  - __osx >=11.0
  license: MIT
  license_family: MIT
  purls: []
  size: 12358010
  timestamp: 1767970350308
- pypi: https://files.pythonhosted.org/packages/0e/61/66938bbb5fc52dbdf84594873d5b51fb1f7c7794e9c0f5bd885f30bc507b/idna-3.11-py3-none-any.whl
  name: idna
  version: '3.11'
  sha256: 771a87f49d9defaf64091e6e6fe9c18d4833f140bd19464795bc32d966ca37ea
  requires_dist:
  - ruff>=0.6.2 ; extra == 'all'
  - mypy>=1.11.2 ; extra == 'all'
  - pytest>=8.3.2 ; extra == 'all'
  - flake8>=7.1.1 ; extra == 'all'
  requires_python: '>=3.8'
- conda: https://conda.anaconda.org/conda-forge/osx-arm64/libexpat-2.7.4-hf6b4638_0.conda
  sha256: 03887d8080d6a8fe02d75b80929271b39697ecca7628f0657d7afaea87761edf
  md5: a92e310ae8dfc206ff449f362fc4217f
  depends:
  - __osx >=11.0
  constrains:
  - expat 2.7.4.*
  license: MIT
  license_family: MIT
  purls: []
  size: 68199
  timestamp: 1771260020767
- conda: https://conda.anaconda.org/conda-forge/osx-arm64/libffi-3.5.2-hcf2aa1b_0.conda
  sha256: 6686a26466a527585e6a75cc2a242bf4a3d97d6d6c86424a441677917f28bec7
  md5: 43c04d9cb46ef176bb2a4c77e324d599
  depends:
  - __osx >=11.0
  license: MIT
  license_family: MIT
  purls: []
  size: 40979
  timestamp: 1769456747661
- conda: https://conda.anaconda.org/conda-forge/osx-arm64/liblzma-5.8.2-h8088a28_0.conda
  sha256: 7bfc7ffb2d6a9629357a70d4eadeadb6f88fa26ebc28f606b1c1e5e5ed99dc7e
  md5: 009f0d956d7bfb00de86901d16e486c7
  depends:
  - __osx >=11.0
  constrains:
  - xz 5.8.2.*
  license: 0BSD
  purls: []
  size: 92242
  timestamp: 1768752982486
- conda: https://conda.anaconda.org/conda-forge/osx-arm64/libmpdec-4.0.0-h84a0fba_1.conda
  sha256: 1089c7f15d5b62c622625ec6700732ece83be8b705da8c6607f4dabb0c4bd6d2
  md5: 57c4be259f5e0b99a5983799a228ae55
  depends:
  - __osx >=11.0
  license: BSD-2-Clause
  license_family: BSD
  purls: []
  size: 73690
  timestamp: 1769482560514
- conda: https://conda.anaconda.org/conda-forge/osx-arm64/libsqlite-3.51.2-h1ae2325_0.conda
  sha256: 6e9b9f269732cbc4698c7984aa5b9682c168e2a8d1e0406e1ff10091ca046167
  md5: 4b0bf313c53c3e89692f020fb55d5f2c
  depends:
  - __osx >=11.0
  - icu >=78.2,<79.0a0
  - libzlib >=1.3.1,<2.0a0
  license: blessing
  purls: []
  size: 909777
  timestamp: 1768148320535
- conda: https://conda.anaconda.org/conda-forge/osx-arm64/libzlib-1.3.1-h8359307_2.conda
  sha256: ce34669eadaba351cd54910743e6a2261b67009624dbc7daeeafdef93616711b
  md5: 369964e85dc26bfe78f41399b366c435
  depends:
  - __osx >=11.0
  constrains:
  - zlib 1.3.1 *_2
  license: Zlib
  license_family: Other
  purls: []
  size: 46438
  timestamp: 1727963202283
- pypi: https://files.pythonhosted.org/packages/94/54/e7d793b573f298e1c9013b8c4dade17d481164aa517d1d7148619c2cedbf/markdown_it_py-4.0.0-py3-none-any.whl
  name: markdown-it-py
  version: 4.0.0
  sha256: 87327c59b172c5011896038353a81343b6754500a08cd7a4973bb48c6d578147
  requires_dist:
  - mdurl~=0.1
  - psutil ; extra == 'benchmarking'
  - pytest ; extra == 'benchmarking'
  - pytest-benchmark ; extra == 'benchmarking'
  - commonmark~=0.9 ; extra == 'compare'
  - markdown~=3.4 ; extra == 'compare'
  - mistletoe~=1.0 ; extra == 'compare'
  - mistune~=3.0 ; extra == 'compare'
  - panflute~=2.3 ; extra == 'compare'
  - markdown-it-pyrs ; extra == 'compare'
  - linkify-it-py>=1,<3 ; extra == 'linkify'
  - mdit-py-plugins>=0.5.0 ; extra == 'plugins'
  - gprof2dot ; extra == 'profiling'
  - mdit-py-plugins>=0.5.0 ; extra == 'rtd'
  - myst-parser ; extra == 'rtd'
  - pyyaml ; extra == 'rtd'
  - sphinx ; extra == 'rtd'
  - sphinx-copybutton ; extra == 'rtd'
  - sphinx-design ; extra == 'rtd'
  - sphinx-book-theme~=1.0 ; extra == 'rtd'
  - jupyter-sphinx ; extra == 'rtd'
  - ipykernel ; extra == 'rtd'
  - coverage ; extra == 'testing'
  - pytest ; extra == 'testing'
  - pytest-cov ; extra == 'testing'
  - pytest-regressions ; extra == 'testing'
  - requests ; extra == 'testing'
  requires_python: '>=3.10'
- pypi: https://files.pythonhosted.org/packages/b3/38/89ba8ad64ae25be8de66a6d463314cf1eb366222074cfda9ee839c56a4b4/mdurl-0.1.2-py3-none-any.whl
  name: mdurl
  version: 0.1.2
  sha256: 84008a41e51615a49fc9966191ff91509e3c40b939176e643fd50a5c2196b8f8
  requires_python: '>=3.7'
- conda: https://conda.anaconda.org/conda-forge/osx-arm64/ncurses-6.5-h5e97a16_3.conda
  sha256: 2827ada40e8d9ca69a153a45f7fd14f32b2ead7045d3bbb5d10964898fe65733
  md5: 068d497125e4bf8a66bf707254fff5ae
  depends:
  - __osx >=11.0
  license: X11 AND BSD-3-Clause
  purls: []
  size: 797030
  timestamp: 1738196177597
- pypi: https://files.pythonhosted.org/packages/25/7a/1fee4329abc705a469a4afe6e69b1ef7e915117747886327104a8493a955/numpy-2.4.2-cp314-cp314-macosx_11_0_arm64.whl
  name: numpy
  version: 2.4.2
  sha256: d1240d50adff70c2a88217698ca844723068533f3f5c5fa6ee2e3220e3bdb000
  requires_python: '>=3.11'
- conda: https://conda.anaconda.org/conda-forge/osx-arm64/openssl-3.6.1-hd24854e_1.conda
  sha256: 361f5c5e60052abc12bdd1b50d7a1a43e6a6653aab99a2263bf2288d709dcf67
  md5: f4f6ad63f98f64191c3e77c5f5f29d76
  depends:
  - __osx >=11.0
  - ca-certificates
  license: Apache-2.0
  license_family: Apache
  purls: []
  size: 3104268
  timestamp: 1769556384749
- pypi: https://files.pythonhosted.org/packages/b7/b9/c538f279a4e237a006a2c98387d081e9eb060d203d8ed34467cc0f0b9b53/packaging-26.0-py3-none-any.whl
  name: packaging
  version: '26.0'
  sha256: b36f1fef9334a5588b4166f8bcd26a14e521f2b55e6b9de3aaa80d3ff7a37529
  requires_python: '>=3.8'
- pypi: https://files.pythonhosted.org/packages/c7/21/705964c7812476f378728bdf590ca4b771ec72385c533964653c68e86bdc/pygments-2.19.2-py3-none-any.whl
  name: pygments
  version: 2.19.2
  sha256: 86540386c03d588bb81d44bc3928634ff26449851e99741617ecb9037ee5ec0b
  requires_dist:
  - colorama>=0.4.6 ; extra == 'windows-terminal'
  requires_python: '>=3.8'
- conda: https://conda.anaconda.org/conda-forge/osx-arm64/python-3.14.3-h4c637c5_101_cp314.conda
  build_number: 101
  sha256: fccce2af62d11328d232df9f6bbf63464fd45f81f718c661757f9c628c4378ce
  md5: 753c8d0447677acb7ddbcc6e03e82661
  depends:
  - __osx >=11.0
  - bzip2 >=1.0.8,<2.0a0
  - libexpat >=2.7.3,<3.0a0
  - libffi >=3.5.2,<3.6.0a0
  - liblzma >=5.8.2,<6.0a0
  - libmpdec >=4.0.0,<5.0a0
  - libsqlite >=3.51.2,<4.0a0
  - libzlib >=1.3.1,<2.0a0
  - ncurses >=6.5,<7.0a0
  - openssl >=3.5.5,<4.0a0
  - python_abi 3.14.* *_cp314
  - readline >=8.3,<9.0a0
  - tk >=8.6.13,<8.7.0a0
  - tzdata
  - zstd >=1.5.7,<1.6.0a0
  license: Python-2.0
  purls: []
  size: 13522698
  timestamp: 1770675365241
  python_site_packages_path: lib/python3.14/site-packages
- conda: https://conda.anaconda.org/conda-forge/noarch/python_abi-3.14-8_cp314.conda
  build_number: 8
  sha256: ad6d2e9ac39751cc0529dd1566a26751a0bf2542adb0c232533d32e176e21db5
  md5: 0539938c55b6b1a59b560e843ad864a4
  constrains:
  - python 3.14.* *_cp314
  license: BSD-3-Clause
  license_family: BSD
  purls: []
  size: 6989
  timestamp: 1752805904792
- pypi: https://files.pythonhosted.org/packages/bd/9c/4d95bb87eb2063d20db7b60faa3840c1b18025517ae857371c4dd55a6b3a/pyyaml-6.0.3-cp314-cp314-macosx_11_0_arm64.whl
  name: pyyaml
  version: 6.0.3
  sha256: 34d5fcd24b8445fadc33f9cf348c1047101756fd760b4dacb5c3e99755703310
  requires_python: '>=3.8'
- pypi: https://files.pythonhosted.org/packages/a0/2c/b23861347436cb10f46c2bd425489ec462790faaa360a54a7ede5f78de88/rapidfuzz-3.14.3-cp314-cp314-macosx_11_0_arm64.whl
  name: rapidfuzz
  version: 3.14.3
  sha256: 1ec0c8c0c3d4f97ced46b2e191e883f8c82dbbf6d5ebc1842366d7eff13cd5a6
  requires_dist:
  - numpy ; extra == 'all'
  requires_python: '>=3.10'
- conda: https://conda.anaconda.org/conda-forge/osx-arm64/readline-8.3-h46df422_0.conda
  sha256: a77010528efb4b548ac2a4484eaf7e1c3907f2aec86123ed9c5212ae44502477
  md5: f8381319127120ce51e081dce4865cf4
  depends:
  - __osx >=11.0
  - ncurses >=6.5,<7.0a0
  license: GPL-3.0-only
  license_family: GPL
  purls: []
  size: 313930
  timestamp: 1765813902568
- pypi: https://files.pythonhosted.org/packages/f9/b6/921cc61982e538682bdf3bdf5b2c6ab6b34368da1f8e98a6c1ddc503c9cf/regex-2026.1.15-cp314-cp314-macosx_11_0_arm64.whl
  name: regex
  version: 2026.1.15
  sha256: 621f73a07595d83f28952d7bd1e91e9d1ed7625fb7af0064d3516674ec93a2a2
  requires_python: '>=3.9'
- pypi: https://files.pythonhosted.org/packages/ef/45/615f5babd880b4bd7d405cc0dc348234c5ffb6ed1ea33e152ede08b2072d/rich-14.3.2-py3-none-any.whl
  name: rich
  version: 14.3.2
  sha256: 08e67c3e90884651da3239ea668222d19bea7b589149d8014a21c633420dbb69
  requires_dist:
  - ipywidgets>=7.5.1,<9 ; extra == 'jupyter'
  - markdown-it-py>=2.2.0
  - pygments>=2.13.0,<3.0.0
  requires_python: '>=3.8.0'
- pypi: https://files.pythonhosted.org/packages/e8/00/374c0c068e30cd31f1e1b46b4b5738168ec79e7689ca82ee93ddfea05109/safetensors-0.7.0-cp38-abi3-macosx_11_0_arm64.whl
  name: safetensors
  version: 0.7.0
  sha256: 94fd4858284736bb67a897a41608b5b0c2496c9bdb3bf2af1fa3409127f20d57
  requires_dist:
  - numpy>=1.21.6 ; extra == 'numpy'
  - packaging ; extra == 'torch'
  - safetensors[numpy] ; extra == 'torch'
  - torch>=1.10 ; extra == 'torch'
  - safetensors[numpy] ; extra == 'tensorflow'
  - tensorflow>=2.11.0 ; extra == 'tensorflow'
  - safetensors[numpy] ; extra == 'pinned-tf'
  - tensorflow==2.18.0 ; extra == 'pinned-tf'
  - safetensors[numpy] ; extra == 'jax'
  - flax>=0.6.3 ; extra == 'jax'
  - jax>=0.3.25 ; extra == 'jax'
  - jaxlib>=0.3.25 ; extra == 'jax'
  - mlx>=0.0.9 ; extra == 'mlx'
  - safetensors[numpy] ; extra == 'paddlepaddle'
  - paddlepaddle>=2.4.1 ; extra == 'paddlepaddle'
  - ruff ; extra == 'quality'
  - safetensors[numpy] ; extra == 'testing'
  - h5py>=3.7.0 ; extra == 'testing'
  - huggingface-hub>=0.12.1 ; extra == 'testing'
  - setuptools-rust>=1.5.2 ; extra == 'testing'
  - pytest>=7.2.0 ; extra == 'testing'
  - pytest-benchmark>=4.0.0 ; extra == 'testing'
  - hypothesis>=6.70.2 ; extra == 'testing'
  - safetensors[numpy] ; extra == 'testingfree'
  - huggingface-hub>=0.12.1 ; extra == 'testingfree'
  - setuptools-rust>=1.5.2 ; extra == 'testingfree'
  - pytest>=7.2.0 ; extra == 'testingfree'
  - pytest-benchmark>=4.0.0 ; extra == 'testingfree'
  - hypothesis>=6.70.2 ; extra == 'testingfree'
  - safetensors[torch] ; extra == 'all'
  - safetensors[numpy] ; extra == 'all'
  - safetensors[pinned-tf] ; extra == 'all'
  - safetensors[jax] ; extra == 'all'
  - safetensors[paddlepaddle] ; extra == 'all'
  - safetensors[quality] ; extra == 'all'
  - safetensors[testing] ; extra == 'all'
  - safetensors[all] ; extra == 'dev'
  requires_python: '>=3.9'
- pypi: https://files.pythonhosted.org/packages/e0/f9/0595336914c5619e5f28a1fb793285925a8cd4b432c9da0a987836c7f822/shellingham-1.5.4-py2.py3-none-any.whl
  name: shellingham
  version: 1.5.4
  sha256: 7ecfff8f2fd72616f7481040475a65b2bf8af90a56c89140852d1120324e8686
  requires_python: '>=3.7'
- conda: https://conda.anaconda.org/conda-forge/osx-arm64/tk-8.6.13-h010d191_3.conda
  sha256: 799cab4b6cde62f91f750149995d149bc9db525ec12595e8a1d91b9317f038b3
  md5: a9d86bc62f39b94c4661716624eb21b0
  depends:
  - __osx >=11.0
  - libzlib >=1.3.1,<2.0a0
  license: TCL
  license_family: BSD
  purls: []
  size: 3127137
  timestamp: 1769460817696
- pypi: https://files.pythonhosted.org/packages/2e/47/174dca0502ef88b28f1c9e06b73ce33500eedfac7a7692108aec220464e7/tokenizers-0.22.2-cp39-abi3-macosx_11_0_arm64.whl
  name: tokenizers
  version: 0.22.2
  sha256: 1e418a55456beedca4621dbab65a318981467a2b188e982a23e117f115ce5001
  requires_dist:
  - huggingface-hub>=0.16.4,<2.0
  - pytest ; extra == 'testing'
  - pytest-asyncio ; extra == 'testing'
  - requests ; extra == 'testing'
  - numpy ; extra == 'testing'
  - datasets ; extra == 'testing'
  - ruff ; extra == 'testing'
  - ty ; extra == 'testing'
  - sphinx ; extra == 'docs'
  - sphinx-rtd-theme ; extra == 'docs'
  - setuptools-rust ; extra == 'docs'
  - tokenizers[testing] ; extra == 'dev'
  requires_python: '>=3.9'
- pypi: https://files.pythonhosted.org/packages/16/e1/3079a9ff9b8e11b846c6ac5c8b5bfb7ff225eee721825310c91b3b50304f/tqdm-4.67.3-py3-none-any.whl
  name: tqdm
  version: 4.67.3
  sha256: ee1e4c0e59148062281c49d80b25b67771a127c85fc9676d3be5f243206826bf
  requires_dist:
  - colorama ; sys_platform == 'win32'
  - importlib-metadata ; python_full_version < '3.8'
  - pytest>=6 ; extra == 'dev'
  - pytest-cov ; extra == 'dev'
  - pytest-timeout ; extra == 'dev'
  - pytest-asyncio>=0.24 ; extra == 'dev'
  - nbval ; extra == 'dev'
  - requests ; extra == 'discord'
  - slack-sdk ; extra == 'slack'
  - requests ; extra == 'telegram'
  - ipywidgets>=6 ; extra == 'notebook'
  requires_python: '>=3.7'
- pypi: https://files.pythonhosted.org/packages/b7/66/57042d4b0f1ede8046d7ae6409bf3640df996e9cbc3fe20467aa29badc54/transformers-5.1.0-py3-none-any.whl
  name: transformers
  version: 5.1.0
  sha256: de534b50c9b2ce6217fc56421075a1734241fb40704fdc90f50f6a08fc533d59
  requires_dist:
  - huggingface-hub>=1.3.0,<2.0
  - numpy>=1.17
  - packaging>=20.0
  - pyyaml>=5.1
  - regex!=2019.12.17
  - tokenizers>=0.22.0,<=0.23.0
  - typer-slim
  - safetensors>=0.4.3
  - tqdm>=4.27
  - torch>=2.4 ; extra == 'torch'
  - accelerate>=1.1.0 ; extra == 'torch'
  - torchvision ; extra == 'vision'
  - pillow>=10.0.1,<=15.0 ; extra == 'vision'
  - torchaudio ; extra == 'audio'
  - librosa ; extra == 'audio'
  - pyctcdecode>=0.4.0 ; extra == 'audio'
  - phonemizer ; extra == 'audio'
  - av ; extra == 'video'
  - timm>=1.0.23 ; extra == 'timm'
  - datasets>=2.15.0 ; extra == 'quality'
  - ruff==0.14.10 ; extra == 'quality'
  - gitpython<3.1.19 ; extra == 'quality'
  - urllib3<2.0.0 ; extra == 'quality'
  - libcst ; extra == 'quality'
  - rich ; extra == 'quality'
  - kernels>=0.10.2,<0.11 ; extra == 'kernels'
  - sentencepiece>=0.1.91,!=0.1.92 ; extra == 'sentencepiece'
  - protobuf ; extra == 'sentencepiece'
  - tiktoken ; extra == 'tiktoken'
  - blobfile ; extra == 'tiktoken'
  - mistral-common[image]>=1.8.8 ; extra == 'mistral-common'
  - jinja2>=3.1.0 ; extra == 'chat-template'
  - jmespath>=1.0.1 ; extra == 'chat-template'
  - scikit-learn ; extra == 'sklearn'
  - accelerate>=1.1.0 ; extra == 'accelerate'
  - faiss-cpu ; extra == 'retrieval'
  - datasets>=2.15.0 ; extra == 'retrieval'
  - sagemaker>=2.31.0 ; extra == 'sagemaker'
  - deepspeed>=0.9.3 ; extra == 'deepspeed'
  - accelerate>=1.1.0 ; extra == 'deepspeed'
  - optuna ; extra == 'optuna'
  - kernels>=0.10.2,<0.11 ; extra == 'integrations'
  - optuna ; extra == 'integrations'
  - codecarbon>=2.8.1 ; extra == 'integrations'
  - ray[tune]>=2.7.0 ; extra == 'integrations'
  - ray[tune]>=2.7.0 ; extra == 'ray'
  - codecarbon>=2.8.1 ; extra == 'codecarbon'
  - openai>=1.98.0 ; extra == 'serving'
  - pydantic>=2 ; extra == 'serving'
  - uvicorn ; extra == 'serving'
  - fastapi ; extra == 'serving'
  - starlette ; extra == 'serving'
  - rich ; extra == 'serving'
  - torch>=2.4 ; extra == 'serving'
  - accelerate>=1.1.0 ; extra == 'serving'
  - num2words ; extra == 'num2words'
  - optimum-benchmark>=0.3.0 ; extra == 'benchmark'
  - fugashi>=1.0 ; extra == 'ja'
  - ipadic>=1.0.0,<2.0 ; extra == 'ja'
  - unidic-lite>=1.0.7 ; extra == 'ja'
  - unidic>=1.0.2 ; extra == 'ja'
  - rhoknp>=1.1.0,<1.3.1 ; extra == 'ja'
  - sudachipy>=0.6.6 ; extra == 'ja'
  - sudachidict-core>=20220729 ; extra == 'ja'
  - opentelemetry-api ; extra == 'open-telemetry'
  - opentelemetry-exporter-otlp ; extra == 'open-telemetry'
  - opentelemetry-sdk ; extra == 'open-telemetry'
  - pytest>=7.2.0,<9.0.0 ; extra == 'testing'
  - pytest-asyncio>=1.2.0 ; extra == 'testing'
  - pytest-random-order ; extra == 'testing'
  - pytest-rich ; extra == 'testing'
  - pytest-xdist ; extra == 'testing'
  - pytest-order ; extra == 'testing'
  - pytest-rerunfailures<16.0 ; extra == 'testing'
  - pytest-timeout ; extra == 'testing'
  - pytest-env ; extra == 'testing'
  - timeout-decorator ; extra == 'testing'
  - parameterized>=0.9 ; extra == 'testing'
  - psutil ; extra == 'testing'
  - dill<0.3.5 ; extra == 'testing'
  - evaluate>=0.4.6 ; extra == 'testing'
  - rouge-score!=0.0.7,!=0.0.8,!=0.1,!=0.1.1 ; extra == 'testing'
  - nltk<=3.8.1 ; extra == 'testing'
  - sacremoses ; extra == 'testing'
  - rjieba ; extra == 'testing'
  - beautifulsoup4 ; extra == 'testing'
  - tensorboard ; extra == 'testing'
  - sacrebleu>=1.4.12,<2.0.0 ; extra == 'testing'
  - filelock ; extra == 'testing'
  - datasets>=2.15.0 ; extra == 'testing'
  - ruff==0.14.10 ; extra == 'testing'
  - gitpython<3.1.19 ; extra == 'testing'
  - urllib3<2.0.0 ; extra == 'testing'
  - libcst ; extra == 'testing'
  - rich ; extra == 'testing'
  - faiss-cpu ; extra == 'testing'
  - datasets>=2.15.0 ; extra == 'testing'
  - sentencepiece>=0.1.91,!=0.1.92 ; extra == 'testing'
  - protobuf ; extra == 'testing'
  - openai>=1.98.0 ; extra == 'testing'
  - pydantic>=2 ; extra == 'testing'
  - uvicorn ; extra == 'testing'
  - fastapi ; extra == 'testing'
  - starlette ; extra == 'testing'
  - rich ; extra == 'testing'
  - torch>=2.4 ; extra == 'testing'
  - accelerate>=1.1.0 ; extra == 'testing'
  - mistral-common[image]>=1.8.8 ; extra == 'testing'
  - deepspeed>=0.9.3 ; extra == 'deepspeed-testing'
  - accelerate>=1.1.0 ; extra == 'deepspeed-testing'
  - pytest>=7.2.0,<9.0.0 ; extra == 'deepspeed-testing'
  - pytest-asyncio>=1.2.0 ; extra == 'deepspeed-testing'
  - pytest-random-order ; extra == 'deepspeed-testing'
  - pytest-rich ; extra == 'deepspeed-testing'
  - pytest-xdist ; extra == 'deepspeed-testing'
  - pytest-order ; extra == 'deepspeed-testing'
  - pytest-rerunfailures<16.0 ; extra == 'deepspeed-testing'
  - pytest-timeout ; extra == 'deepspeed-testing'
  - pytest-env ; extra == 'deepspeed-testing'
  - timeout-decorator ; extra == 'deepspeed-testing'
  - parameterized>=0.9 ; extra == 'deepspeed-testing'
  - psutil ; extra == 'deepspeed-testing'
  - dill<0.3.5 ; extra == 'deepspeed-testing'
  - evaluate>=0.4.6 ; extra == 'deepspeed-testing'
  - rouge-score!=0.0.7,!=0.0.8,!=0.1,!=0.1.1 ; extra == 'deepspeed-testing'
  - nltk<=3.8.1 ; extra == 'deepspeed-testing'
  - sacremoses ; extra == 'deepspeed-testing'
  - rjieba ; extra == 'deepspeed-testing'
  - beautifulsoup4 ; extra == 'deepspeed-testing'
  - tensorboard ; extra == 'deepspeed-testing'
  - sacrebleu>=1.4.12,<2.0.0 ; extra == 'deepspeed-testing'
  - filelock ; extra == 'deepspeed-testing'
  - datasets>=2.15.0 ; extra == 'deepspeed-testing'
  - ruff==0.14.10 ; extra == 'deepspeed-testing'
  - gitpython<3.1.19 ; extra == 'deepspeed-testing'
  - urllib3<2.0.0 ; extra == 'deepspeed-testing'
  - libcst ; extra == 'deepspeed-testing'
  - rich ; extra == 'deepspeed-testing'
  - faiss-cpu ; extra == 'deepspeed-testing'
  - datasets>=2.15.0 ; extra == 'deepspeed-testing'
  - sentencepiece>=0.1.91,!=0.1.92 ; extra == 'deepspeed-testing'
  - protobuf ; extra == 'deepspeed-testing'
  - openai>=1.98.0 ; extra == 'deepspeed-testing'
  - pydantic>=2 ; extra == 'deepspeed-testing'
  - uvicorn ; extra == 'deepspeed-testing'
  - fastapi ; extra == 'deepspeed-testing'
  - starlette ; extra == 'deepspeed-testing'
  - rich ; extra == 'deepspeed-testing'
  - torch>=2.4 ; extra == 'deepspeed-testing'
  - accelerate>=1.1.0 ; extra == 'deepspeed-testing'
  - mistral-common[image]>=1.8.8 ; extra == 'deepspeed-testing'
  - optuna ; extra == 'deepspeed-testing'
  - sentencepiece>=0.1.91,!=0.1.92 ; extra == 'deepspeed-testing'
  - protobuf ; extra == 'deepspeed-testing'
  - torch>=2.4 ; extra == 'all'
  - accelerate>=1.1.0 ; extra == 'all'
  - torchvision ; extra == 'all'
  - pillow>=10.0.1,<=15.0 ; extra == 'all'
  - torchaudio ; extra == 'all'
  - librosa ; extra == 'all'
  - pyctcdecode>=0.4.0 ; extra == 'all'
  - phonemizer ; extra == 'all'
  - av ; extra == 'all'
  - kernels>=0.10.2,<0.11 ; extra == 'all'
  - timm>=1.0.23 ; extra == 'all'
  - sentencepiece>=0.1.91,!=0.1.92 ; extra == 'all'
  - protobuf ; extra == 'all'
  - tiktoken ; extra == 'all'
  - blobfile ; extra == 'all'
  - jinja2>=3.1.0 ; extra == 'all'
  - jmespath>=1.0.1 ; extra == 'all'
  - num2words ; extra == 'all'
  - mistral-common[image]>=1.8.8 ; extra == 'all'
  - torch>=2.4 ; extra == 'dev'
  - accelerate>=1.1.0 ; extra == 'dev'
  - torchvision ; extra == 'dev'
  - pillow>=10.0.1,<=15.0 ; extra == 'dev'
  - torchaudio ; extra == 'dev'
  - librosa ; extra == 'dev'
  - pyctcdecode>=0.4.0 ; extra == 'dev'
  - phonemizer ; extra == 'dev'
  - av ; extra == 'dev'
  - kernels>=0.10.2,<0.11 ; extra == 'dev'
  - timm>=1.0.23 ; extra == 'dev'
  - sentencepiece>=0.1.91,!=0.1.92 ; extra == 'dev'
  - protobuf ; extra == 'dev'
  - tiktoken ; extra == 'dev'
  - blobfile ; extra == 'dev'
  - jinja2>=3.1.0 ; extra == 'dev'
  - jmespath>=1.0.1 ; extra == 'dev'
  - num2words ; extra == 'dev'
  - mistral-common[image]>=1.8.8 ; extra == 'dev'
  - pytest>=7.2.0,<9.0.0 ; extra == 'dev'
  - pytest-asyncio>=1.2.0 ; extra == 'dev'
  - pytest-random-order ; extra == 'dev'
  - pytest-rich ; extra == 'dev'
  - pytest-xdist ; extra == 'dev'
  - pytest-order ; extra == 'dev'
  - pytest-rerunfailures<16.0 ; extra == 'dev'
  - pytest-timeout ; extra == 'dev'
  - pytest-env ; extra == 'dev'
  - timeout-decorator ; extra == 'dev'
  - parameterized>=0.9 ; extra == 'dev'
  - psutil ; extra == 'dev'
  - dill<0.3.5 ; extra == 'dev'
  - evaluate>=0.4.6 ; extra == 'dev'
  - rouge-score!=0.0.7,!=0.0.8,!=0.1,!=0.1.1 ; extra == 'dev'
  - nltk<=3.8.1 ; extra == 'dev'
  - sacremoses ; extra == 'dev'
  - rjieba ; extra == 'dev'
  - beautifulsoup4 ; extra == 'dev'
  - tensorboard ; extra == 'dev'
  - sacrebleu>=1.4.12,<2.0.0 ; extra == 'dev'
  - filelock ; extra == 'dev'
  - datasets>=2.15.0 ; extra == 'dev'
  - ruff==0.14.10 ; extra == 'dev'
  - gitpython<3.1.19 ; extra == 'dev'
  - urllib3<2.0.0 ; extra == 'dev'
  - libcst ; extra == 'dev'
  - rich ; extra == 'dev'
  - faiss-cpu ; extra == 'dev'
  - datasets>=2.15.0 ; extra == 'dev'
  - sentencepiece>=0.1.91,!=0.1.92 ; extra == 'dev'
  - protobuf ; extra == 'dev'
  - openai>=1.98.0 ; extra == 'dev'
  - pydantic>=2 ; extra == 'dev'
  - uvicorn ; extra == 'dev'
  - fastapi ; extra == 'dev'
  - starlette ; extra == 'dev'
  - rich ; extra == 'dev'
  - torch>=2.4 ; extra == 'dev'
  - accelerate>=1.1.0 ; extra == 'dev'
  - mistral-common[image]>=1.8.8 ; extra == 'dev'
  - fugashi>=1.0 ; extra == 'dev'
  - ipadic>=1.0.0,<2.0 ; extra == 'dev'
  - unidic-lite>=1.0.7 ; extra == 'dev'
  - unidic>=1.0.2 ; extra == 'dev'
  - rhoknp>=1.1.0,<1.3.1 ; extra == 'dev'
  - sudachipy>=0.6.6 ; extra == 'dev'
  - sudachidict-core>=20220729 ; extra == 'dev'
  - scikit-learn ; extra == 'dev'
  requires_python: '>=3.10.0'
- pypi: ./
  name: treetok
  version: 0.1.0
  sha256: 5b0264c2a8b8170bb4bbabfc8eb3f380832f5080afa4c2c5dba339cc1c709ece
  requires_python: '>=3.11'
- pypi: https://files.pythonhosted.org/packages/d5/91/9b286ab899c008c2cb05e8be99814807e7fbbd33f0c0c960470826e5ac82/typer-0.23.1-py3-none-any.whl
  name: typer
  version: 0.23.1
  sha256: 3291ad0d3c701cbf522012faccfbb29352ff16ad262db2139e6b01f15781f14e
  requires_dist:
  - click>=8.0.0
  - shellingham>=1.3.0
  - rich>=10.11.0
  - annotated-doc>=0.0.2
  requires_python: '>=3.9'
- pypi: https://files.pythonhosted.org/packages/ad/8a/5764b851659345f34787f1b6eb30b9d308bbd6c294825cbe38b6b869c97a/typer_slim-0.23.1-py3-none-any.whl
  name: typer-slim
  version: 0.23.1
  sha256: 8146d5df1eb89f628191c4c604c8464fa841885d0733c58e6e700ff0228adac5
  requires_dist:
  - typer>=0.23.1
  requires_python: '>=3.9'
- pypi: https://files.pythonhosted.org/packages/18/67/36e9267722cc04a6b9f15c7f3441c2363321a3ea07da7ae0c0707beb2a9c/typing_extensions-4.15.0-py3-none-any.whl
  name: typing-extensions
  version: 4.15.0
  sha256: f0fa19c6845758ab08074a0cfa8b7aecb71c999ca73d62883bc25cc018c4e548
  requires_python: '>=3.9'
- conda: https://conda.anaconda.org/conda-forge/noarch/tzdata-2025c-hc9c84f9_1.conda
  sha256: 1d30098909076af33a35017eed6f2953af1c769e273a0626a04722ac4acaba3c
  md5: ad659d0a2b3e47e38d829aa8cad2d610
  license: LicenseRef-Public-Domain
  purls: []
  size: 119135
  timestamp: 1767016325805
- conda: https://conda.anaconda.org/conda-forge/osx-arm64/zstd-1.5.7-hbf9d68e_6.conda
  sha256: 9485ba49e8f47d2b597dd399e88f4802e100851b27c21d7525625b0b4025a5d9
  md5: ab136e4c34e97f34fb621d2592a393d8
  depends:
  - __osx >=11.0
  - libzlib >=1.3.1,<2.0a0
  license: BSD-3-Clause
  license_family: BSD
  purls: []
  size: 433413
  timestamp: 1764777166076
